// !$*UTF8*$!
{
	archiveVersion = 1;
	classes = {
	};
	objectVersion = 55;
	objects = {

/* Begin PBXBuildFile section */
		B43C0E8D27EB789300230DCD /* AppDelegate.swift in Sources */ = {isa = PBXBuildFile; fileRef = B43C0E8C27EB789300230DCD /* AppDelegate.swift */; };
		B43C0E8F27EB789300230DCD /* SceneDelegate.swift in Sources */ = {isa = PBXBuildFile; fileRef = B43C0E8E27EB789300230DCD /* SceneDelegate.swift */; };
		B43C0E9127EB789300230DCD /* RootViewController.swift in Sources */ = {isa = PBXBuildFile; fileRef = B43C0E9027EB789300230DCD /* RootViewController.swift */; };
		B43C0E9427EB789300230DCD /* Main.storyboard in Resources */ = {isa = PBXBuildFile; fileRef = B43C0E9227EB789300230DCD /* Main.storyboard */; };
		B43C0E9627EB789700230DCD /* Assets.xcassets in Resources */ = {isa = PBXBuildFile; fileRef = B43C0E9527EB789700230DCD /* Assets.xcassets */; };
		B43C0E9927EB789700230DCD /* LaunchScreen.storyboard in Resources */ = {isa = PBXBuildFile; fileRef = B43C0E9727EB789700230DCD /* LaunchScreen.storyboard */; };
		B43C0EA927EB813900230DCD /* DayViewController.swift in Sources */ = {isa = PBXBuildFile; fileRef = B43C0EA827EB813900230DCD /* DayViewController.swift */; };
		B43C0EAC27EB827C00230DCD /* WeekViewController.swift in Sources */ = {isa = PBXBuildFile; fileRef = B43C0EAB27EB827C00230DCD /* WeekViewController.swift */; };
		B43C0EAF27EBACD100230DCD /* UIViewController.swift in Sources */ = {isa = PBXBuildFile; fileRef = B43C0EAE27EBACD100230DCD /* UIViewController.swift */; };
		B43C0EB127EBAEE200230DCD /* UIStoryboard.swift in Sources */ = {isa = PBXBuildFile; fileRef = B43C0EB027EBAEE200230DCD /* UIStoryboard.swift */; };
		B43C0EB427EBC5E600230DCD /* WeatherRequest.swift in Sources */ = {isa = PBXBuildFile; fileRef = B43C0EB327EBC5E600230DCD /* WeatherRequest.swift */; };
		B43C0EB727EBC83200230DCD /* Configuration.swift in Sources */ = {isa = PBXBuildFile; fileRef = B43C0EB627EBC83200230DCD /* Configuration.swift */; };
		B43C0EBA27EBD06700230DCD /* RootViewModel.swift in Sources */ = {isa = PBXBuildFile; fileRef = B43C0EB927EBD06700230DCD /* RootViewModel.swift */; };
		B43C0EBC27EC9EDA00230DCD /* OpenWeatherResponse.swift in Sources */ = {isa = PBXBuildFile; fileRef = B43C0EBB27EC9ED800230DCD /* OpenWeatherResponse.swift */; };
/* End PBXBuildFile section */

/* Begin PBXFileReference section */
		B43C0E8927EB789300230DCD /* Rainstorm.app */ = {isa = PBXFileReference; explicitFileType = wrapper.application; includeInIndex = 0; path = Rainstorm.app; sourceTree = BUILT_PRODUCTS_DIR; };
		B43C0E8C27EB789300230DCD /* AppDelegate.swift */ = {isa = PBXFileReference; lastKnownFileType = sourcecode.swift; path = AppDelegate.swift; sourceTree = "<group>"; };
		B43C0E8E27EB789300230DCD /* SceneDelegate.swift */ = {isa = PBXFileReference; lastKnownFileType = sourcecode.swift; path = SceneDelegate.swift; sourceTree = "<group>"; };
		B43C0E9027EB789300230DCD /* RootViewController.swift */ = {isa = PBXFileReference; lastKnownFileType = sourcecode.swift; path = RootViewController.swift; sourceTree = "<group>"; };
		B43C0E9327EB789300230DCD /* Base */ = {isa = PBXFileReference; lastKnownFileType = file.storyboard; name = Base; path = Base.lproj/Main.storyboard; sourceTree = "<group>"; };
		B43C0E9527EB789700230DCD /* Assets.xcassets */ = {isa = PBXFileReference; lastKnownFileType = folder.assetcatalog; path = Assets.xcassets; sourceTree = "<group>"; };
		B43C0E9827EB789700230DCD /* Base */ = {isa = PBXFileReference; lastKnownFileType = file.storyboard; name = Base; path = Base.lproj/LaunchScreen.storyboard; sourceTree = "<group>"; };
		B43C0E9A27EB789700230DCD /* Info.plist */ = {isa = PBXFileReference; lastKnownFileType = text.plist.xml; path = Info.plist; sourceTree = "<group>"; };
		B43C0EA827EB813900230DCD /* DayViewController.swift */ = {isa = PBXFileReference; lastKnownFileType = sourcecode.swift; path = DayViewController.swift; sourceTree = "<group>"; };
		B43C0EAB27EB827C00230DCD /* WeekViewController.swift */ = {isa = PBXFileReference; lastKnownFileType = sourcecode.swift; path = WeekViewController.swift; sourceTree = "<group>"; };
		B43C0EAE27EBACD100230DCD /* UIViewController.swift */ = {isa = PBXFileReference; lastKnownFileType = sourcecode.swift; path = UIViewController.swift; sourceTree = "<group>"; };
		B43C0EB027EBAEE200230DCD /* UIStoryboard.swift */ = {isa = PBXFileReference; lastKnownFileType = sourcecode.swift; path = UIStoryboard.swift; sourceTree = "<group>"; };
		B43C0EB327EBC5E600230DCD /* WeatherRequest.swift */ = {isa = PBXFileReference; lastKnownFileType = sourcecode.swift; path = WeatherRequest.swift; sourceTree = "<group>"; };
		B43C0EB627EBC83200230DCD /* Configuration.swift */ = {isa = PBXFileReference; lastKnownFileType = sourcecode.swift; path = Configuration.swift; sourceTree = "<group>"; };
		B43C0EB927EBD06700230DCD /* RootViewModel.swift */ = {isa = PBXFileReference; lastKnownFileType = sourcecode.swift; path = RootViewModel.swift; sourceTree = "<group>"; };
		B43C0EBB27EC9ED800230DCD /* OpenWeatherResponse.swift */ = {isa = PBXFileReference; lastKnownFileType = sourcecode.swift; path = OpenWeatherResponse.swift; sourceTree = "<group>"; };
/* End PBXFileReference section */

/* Begin PBXFrameworksBuildPhase section */
		B43C0E8627EB789300230DCD /* Frameworks */ = {
			isa = PBXFrameworksBuildPhase;
			buildActionMask = 2147483647;
			files = (
			);
			runOnlyForDeploymentPostprocessing = 0;
		};
/* End PBXFrameworksBuildPhase section */

/* Begin PBXGroup section */
		B43C0E8027EB789300230DCD = {
			isa = PBXGroup;
			children = (
				B43C0E8B27EB789300230DCD /* Rainstorm */,
				B43C0E8A27EB789300230DCD /* Products */,
			);
			sourceTree = "<group>";
		};
		B43C0E8A27EB789300230DCD /* Products */ = {
			isa = PBXGroup;
			children = (
				B43C0E8927EB789300230DCD /* Rainstorm.app */,
			);
			name = Products;
			sourceTree = "<group>";
		};
		B43C0E8B27EB789300230DCD /* Rainstorm */ = {
			isa = PBXGroup;
			children = (
				B43C0EA027EB798700230DCD /* Application Delegate */,
				B43C0EA127EB79C300230DCD /* View Controllers */,
				B43C0EB527EBC81B00230DCD /* Configuration */,
				B43C0EA327EB7CBE00230DCD /* Storyboards */,
				B43C0EAD27EBACB900230DCD /* Extensions */,
				B43C0EA427EB7CD600230DCD /* Resources */,
				B43C0EB227EBC5CC00230DCD /* Models */,
				B43C0EA527EB7CF000230DCD /* SupportingFiles */,
			);
			path = Rainstorm;
			sourceTree = "<group>";
		};
		B43C0EA027EB798700230DCD /* Application Delegate */ = {
			isa = PBXGroup;
			children = (
				B43C0E8C27EB789300230DCD /* AppDelegate.swift */,
				B43C0E8E27EB789300230DCD /* SceneDelegate.swift */,
			);
			path = "Application Delegate";
			sourceTree = "<group>";
		};
		B43C0EA127EB79C300230DCD /* View Controllers */ = {
			isa = PBXGroup;
			children = (
				B43C0EA227EB7B3C00230DCD /* Root View Controller */,
				B43C0EA627EB810100230DCD /* Weather View Controllers */,
			);
			path = "View Controllers";
			sourceTree = "<group>";
		};
		B43C0EA227EB7B3C00230DCD /* Root View Controller */ = {
			isa = PBXGroup;
			children = (
				B43C0E9027EB789300230DCD /* RootViewController.swift */,
				B43C0EB827EBD03A00230DCD /* View Models */,
			);
			path = "Root View Controller";
			sourceTree = "<group>";
		};
		B43C0EA327EB7CBE00230DCD /* Storyboards */ = {
			isa = PBXGroup;
			children = (
				B43C0E9227EB789300230DCD /* Main.storyboard */,
				B43C0E9727EB789700230DCD /* LaunchScreen.storyboard */,
			);
			path = Storyboards;
			sourceTree = "<group>";
		};
		B43C0EA427EB7CD600230DCD /* Resources */ = {
			isa = PBXGroup;
			children = (
				B43C0E9527EB789700230DCD /* Assets.xcassets */,
			);
			path = Resources;
			sourceTree = "<group>";
		};
		B43C0EA527EB7CF000230DCD /* SupportingFiles */ = {
			isa = PBXGroup;
			children = (
				B43C0E9A27EB789700230DCD /* Info.plist */,
			);
			path = SupportingFiles;
			sourceTree = "<group>";
		};
		B43C0EA627EB810100230DCD /* Weather View Controllers */ = {
			isa = PBXGroup;
			children = (
				B43C0EAA27EB825300230DCD /* Week View Controller */,
				B43C0EA727EB811800230DCD /* Day View Controller */,
			);
			path = "Weather View Controllers";
			sourceTree = "<group>";
		};
		B43C0EA727EB811800230DCD /* Day View Controller */ = {
			isa = PBXGroup;
			children = (
				B43C0EA827EB813900230DCD /* DayViewController.swift */,
			);
			path = "Day View Controller";
			sourceTree = "<group>";
		};
		B43C0EAA27EB825300230DCD /* Week View Controller */ = {
			isa = PBXGroup;
			children = (
				B43C0EAB27EB827C00230DCD /* WeekViewController.swift */,
			);
			path = "Week View Controller";
			sourceTree = "<group>";
		};
		B43C0EAD27EBACB900230DCD /* Extensions */ = {
			isa = PBXGroup;
			children = (
				B43C0EAE27EBACD100230DCD /* UIViewController.swift */,
				B43C0EB027EBAEE200230DCD /* UIStoryboard.swift */,
			);
			path = Extensions;
			sourceTree = "<group>";
		};
		B43C0EB227EBC5CC00230DCD /* Models */ = {
			isa = PBXGroup;
			children = (
				B43C0EB327EBC5E600230DCD /* WeatherRequest.swift */,
				B43C0EBB27EC9ED800230DCD /* OpenWeatherResponse.swift */,
			);
			path = Models;
			sourceTree = "<group>";
		};
		B43C0EB527EBC81B00230DCD /* Configuration */ = {
			isa = PBXGroup;
			children = (
				B43C0EB627EBC83200230DCD /* Configuration.swift */,
			);
			path = Configuration;
			sourceTree = "<group>";
		};
		B43C0EB827EBD03A00230DCD /* View Models */ = {
			isa = PBXGroup;
			children = (
				B43C0EB927EBD06700230DCD /* RootViewModel.swift */,
			);
			path = "View Models";
			sourceTree = "<group>";
		};
/* End PBXGroup section */

/* Begin PBXNativeTarget section */
		B43C0E8827EB789300230DCD /* Rainstorm */ = {
			isa = PBXNativeTarget;
			buildConfigurationList = B43C0E9D27EB789700230DCD /* Build configuration list for PBXNativeTarget "Rainstorm" */;
			buildPhases = (
				B43C0E8527EB789300230DCD /* Sources */,
				B43C0E8627EB789300230DCD /* Frameworks */,
				B43C0E8727EB789300230DCD /* Resources */,
			);
			buildRules = (
			);
			dependencies = (
			);
			name = Rainstorm;
			productName = Rainstorm;
			productReference = B43C0E8927EB789300230DCD /* Rainstorm.app */;
			productType = "com.apple.product-type.application";
		};
/* End PBXNativeTarget section */

/* Begin PBXProject section */
		B43C0E8127EB789300230DCD /* Project object */ = {
			isa = PBXProject;
			attributes = {
				BuildIndependentTargetsInParallel = 1;
				LastSwiftUpdateCheck = 1310;
				LastUpgradeCheck = 1310;
				TargetAttributes = {
					B43C0E8827EB789300230DCD = {
						CreatedOnToolsVersion = 13.1;
					};
				};
			};
			buildConfigurationList = B43C0E8427EB789300230DCD /* Build configuration list for PBXProject "Rainstorm" */;
			compatibilityVersion = "Xcode 13.0";
			developmentRegion = en;
			hasScannedForEncodings = 0;
			knownRegions = (
				en,
				Base,
			);
			mainGroup = B43C0E8027EB789300230DCD;
			productRefGroup = B43C0E8A27EB789300230DCD /* Products */;
			projectDirPath = "";
			projectRoot = "";
			targets = (
				B43C0E8827EB789300230DCD /* Rainstorm */,
			);
		};
/* End PBXProject section */

/* Begin PBXResourcesBuildPhase section */
		B43C0E8727EB789300230DCD /* Resources */ = {
			isa = PBXResourcesBuildPhase;
			buildActionMask = 2147483647;
			files = (
				B43C0E9927EB789700230DCD /* LaunchScreen.storyboard in Resources */,
				B43C0E9627EB789700230DCD /* Assets.xcassets in Resources */,
				B43C0E9427EB789300230DCD /* Main.storyboard in Resources */,
			);
			runOnlyForDeploymentPostprocessing = 0;
		};
/* End PBXResourcesBuildPhase section */

/* Begin PBXSourcesBuildPhase section */
		B43C0E8527EB789300230DCD /* Sources */ = {
			isa = PBXSourcesBuildPhase;
			buildActionMask = 2147483647;
			files = (
				B43C0EBA27EBD06700230DCD /* RootViewModel.swift in Sources */,
				B43C0EB427EBC5E600230DCD /* WeatherRequest.swift in Sources */,
				B43C0EAC27EB827C00230DCD /* WeekViewController.swift in Sources */,
				B43C0EBC27EC9EDA00230DCD /* OpenWeatherResponse.swift in Sources */,
				B43C0E9127EB789300230DCD /* RootViewController.swift in Sources */,
				B43C0EB727EBC83200230DCD /* Configuration.swift in Sources */,
				B43C0EAF27EBACD100230DCD /* UIViewController.swift in Sources */,
				B43C0E8D27EB789300230DCD /* AppDelegate.swift in Sources */,
				B43C0E8F27EB789300230DCD /* SceneDelegate.swift in Sources */,
				B43C0EA927EB813900230DCD /* DayViewController.swift in Sources */,
				B43C0EB127EBAEE200230DCD /* UIStoryboard.swift in Sources */,
			);
			runOnlyForDeploymentPostprocessing = 0;
		};
/* End PBXSourcesBuildPhase section */

/* Begin PBXVariantGroup section */
		B43C0E9227EB789300230DCD /* Main.storyboard */ = {
			isa = PBXVariantGroup;
			children = (
				B43C0E9327EB789300230DCD /* Base */,
			);
			name = Main.storyboard;
			sourceTree = "<group>";
		};
		B43C0E9727EB789700230DCD /* LaunchScreen.storyboard */ = {
			isa = PBXVariantGroup;
			children = (
				B43C0E9827EB789700230DCD /* Base */,
			);
			name = LaunchScreen.storyboard;
			sourceTree = "<group>";
		};
/* End PBXVariantGroup section */

/* Begin XCBuildConfiguration section */
		B43C0E9B27EB789700230DCD /* Debug */ = {
			isa = XCBuildConfiguration;
			buildSettings = {
				ALWAYS_SEARCH_USER_PATHS = NO;
				CLANG_ANALYZER_NONNULL = YES;
				CLANG_ANALYZER_NUMBER_OBJECT_CONVERSION = YES_AGGRESSIVE;
				CLANG_CXX_LANGUAGE_STANDARD = "gnu++17";
				CLANG_CXX_LIBRARY = "libc++";
				CLANG_ENABLE_MODULES = YES;
				CLANG_ENABLE_OBJC_ARC = YES;
				CLANG_ENABLE_OBJC_WEAK = YES;
				CLANG_WARN_BLOCK_CAPTURE_AUTORELEASING = YES;
				CLANG_WARN_BOOL_CONVERSION = YES;
				CLANG_WARN_COMMA = YES;
				CLANG_WARN_CONSTANT_CONVERSION = YES;
				CLANG_WARN_DEPRECATED_OBJC_IMPLEMENTATIONS = YES;
				CLANG_WARN_DIRECT_OBJC_ISA_USAGE = YES_ERROR;
				CLANG_WARN_DOCUMENTATION_COMMENTS = YES;
				CLANG_WARN_EMPTY_BODY = YES;
				CLANG_WARN_ENUM_CONVERSION = YES;
				CLANG_WARN_INFINITE_RECURSION = YES;
				CLANG_WARN_INT_CONVERSION = YES;
				CLANG_WARN_NON_LITERAL_NULL_CONVERSION = YES;
				CLANG_WARN_OBJC_IMPLICIT_RETAIN_SELF = YES;
				CLANG_WARN_OBJC_LITERAL_CONVERSION = YES;
				CLANG_WARN_OBJC_ROOT_CLASS = YES_ERROR;
				CLANG_WARN_QUOTED_INCLUDE_IN_FRAMEWORK_HEADER = YES;
				CLANG_WARN_RANGE_LOOP_ANALYSIS = YES;
				CLANG_WARN_STRICT_PROTOTYPES = YES;
				CLANG_WARN_SUSPICIOUS_MOVE = YES;
				CLANG_WARN_UNGUARDED_AVAILABILITY = YES_AGGRESSIVE;
				CLANG_WARN_UNREACHABLE_CODE = YES;
				CLANG_WARN__DUPLICATE_METHOD_MATCH = YES;
				COPY_PHASE_STRIP = NO;
				DEBUG_INFORMATION_FORMAT = dwarf;
				ENABLE_STRICT_OBJC_MSGSEND = YES;
				ENABLE_TESTABILITY = YES;
				GCC_C_LANGUAGE_STANDARD = gnu11;
				GCC_DYNAMIC_NO_PIC = NO;
				GCC_NO_COMMON_BLOCKS = YES;
				GCC_OPTIMIZATION_LEVEL = 0;
				GCC_PREPROCESSOR_DEFINITIONS = (
					"DEBUG=1",
					"$(inherited)",
				);
				GCC_WARN_64_TO_32_BIT_CONVERSION = YES;
				GCC_WARN_ABOUT_RETURN_TYPE = YES_ERROR;
				GCC_WARN_UNDECLARED_SELECTOR = YES;
				GCC_WARN_UNINITIALIZED_AUTOS = YES_AGGRESSIVE;
				GCC_WARN_UNUSED_FUNCTION = YES;
				GCC_WARN_UNUSED_VARIABLE = YES;
				IPHONEOS_DEPLOYMENT_TARGET = 15.0;
				MTL_ENABLE_DEBUG_INFO = INCLUDE_SOURCE;
				MTL_FAST_MATH = YES;
				ONLY_ACTIVE_ARCH = YES;
				SDKROOT = iphoneos;
				SWIFT_ACTIVE_COMPILATION_CONDITIONS = DEBUG;
				SWIFT_OPTIMIZATION_LEVEL = "-Onone";
			};
			name = Debug;
		};
		B43C0E9C27EB789700230DCD /* Release */ = {
			isa = XCBuildConfiguration;
			buildSettings = {
				ALWAYS_SEARCH_USER_PATHS = NO;
				CLANG_ANALYZER_NONNULL = YES;
				CLANG_ANALYZER_NUMBER_OBJECT_CONVERSION = YES_AGGRESSIVE;
				CLANG_CXX_LANGUAGE_STANDARD = "gnu++17";
				CLANG_CXX_LIBRARY = "libc++";
				CLANG_ENABLE_MODULES = YES;
				CLANG_ENABLE_OBJC_ARC = YES;
				CLANG_ENABLE_OBJC_WEAK = YES;
				CLANG_WARN_BLOCK_CAPTURE_AUTORELEASING = YES;
				CLANG_WARN_BOOL_CONVERSION = YES;
				CLANG_WARN_COMMA = YES;
				CLANG_WARN_CONSTANT_CONVERSION = YES;
				CLANG_WARN_DEPRECATED_OBJC_IMPLEMENTATIONS = YES;
				CLANG_WARN_DIRECT_OBJC_ISA_USAGE = YES_ERROR;
				CLANG_WARN_DOCUMENTATION_COMMENTS = YES;
				CLANG_WARN_EMPTY_BODY = YES;
				CLANG_WARN_ENUM_CONVERSION = YES;
				CLANG_WARN_INFINITE_RECURSION = YES;
				CLANG_WARN_INT_CONVERSION = YES;
				CLANG_WARN_NON_LITERAL_NULL_CONVERSION = YES;
				CLANG_WARN_OBJC_IMPLICIT_RETAIN_SELF = YES;
				CLANG_WARN_OBJC_LITERAL_CONVERSION = YES;
				CLANG_WARN_OBJC_ROOT_CLASS = YES_ERROR;
				CLANG_WARN_QUOTED_INCLUDE_IN_FRAMEWORK_HEADER = YES;
				CLANG_WARN_RANGE_LOOP_ANALYSIS = YES;
				CLANG_WARN_STRICT_PROTOTYPES = YES;
				CLANG_WARN_SUSPICIOUS_MOVE = YES;
				CLANG_WARN_UNGUARDED_AVAILABILITY = YES_AGGRESSIVE;
				CLANG_WARN_UNREACHABLE_CODE = YES;
				CLANG_WARN__DUPLICATE_METHOD_MATCH = YES;
				COPY_PHASE_STRIP = NO;
				DEBUG_INFORMATION_FORMAT = "dwarf-with-dsym";
				ENABLE_NS_ASSERTIONS = NO;
				ENABLE_STRICT_OBJC_MSGSEND = YES;
				GCC_C_LANGUAGE_STANDARD = gnu11;
				GCC_NO_COMMON_BLOCKS = YES;
				GCC_WARN_64_TO_32_BIT_CONVERSION = YES;
				GCC_WARN_ABOUT_RETURN_TYPE = YES_ERROR;
				GCC_WARN_UNDECLARED_SELECTOR = YES;
				GCC_WARN_UNINITIALIZED_AUTOS = YES_AGGRESSIVE;
				GCC_WARN_UNUSED_FUNCTION = YES;
				GCC_WARN_UNUSED_VARIABLE = YES;
				IPHONEOS_DEPLOYMENT_TARGET = 15.0;
				MTL_ENABLE_DEBUG_INFO = NO;
				MTL_FAST_MATH = YES;
				SDKROOT = iphoneos;
				SWIFT_COMPILATION_MODE = wholemodule;
				SWIFT_OPTIMIZATION_LEVEL = "-O";
				VALIDATE_PRODUCT = YES;
			};
			name = Release;
		};
		B43C0E9E27EB789700230DCD /* Debug */ = {
			isa = XCBuildConfiguration;
			buildSettings = {
				ASSETCATALOG_COMPILER_APPICON_NAME = AppIcon;
				ASSETCATALOG_COMPILER_GLOBAL_ACCENT_COLOR_NAME = AccentColor;
				CODE_SIGN_STYLE = Automatic;
				CURRENT_PROJECT_VERSION = 1;
				DEVELOPMENT_TEAM = 6CJ98NSPAD;
				GENERATE_INFOPLIST_FILE = YES;
				INFOPLIST_FILE = Rainstorm/SupportingFiles/Info.plist;
				INFOPLIST_KEY_UIApplicationSupportsIndirectInputEvents = YES;
				INFOPLIST_KEY_UILaunchStoryboardName = LaunchScreen;
				INFOPLIST_KEY_UIMainStoryboardFile = Main;
				INFOPLIST_KEY_UISupportedInterfaceOrientations = UIInterfaceOrientationPortrait;
				INFOPLIST_KEY_UISupportedInterfaceOrientations_iPad = "UIInterfaceOrientationPortrait UIInterfaceOrientationPortraitUpsideDown UIInterfaceOrientationLandscapeLeft UIInterfaceOrientationLandscapeRight";
				INFOPLIST_KEY_UISupportedInterfaceOrientations_iPhone = "UIInterfaceOrientationPortrait UIInterfaceOrientationLandscapeLeft UIInterfaceOrientationLandscapeRight";
				LD_RUNPATH_SEARCH_PATHS = (
					"$(inherited)",
					"@executable_path/Frameworks",
				);
				MARKETING_VERSION = 1.0;
				PRODUCT_BUNDLE_IDENTIFIER = com.macmartins.Rainstorm;
				PRODUCT_NAME = "$(TARGET_NAME)";
				SWIFT_EMIT_LOC_STRINGS = YES;
				SWIFT_VERSION = 5.0;
				TARGETED_DEVICE_FAMILY = 1;
			};
			name = Debug;
		};
		B43C0E9F27EB789700230DCD /* Release */ = {
			isa = XCBuildConfiguration;
			buildSettings = {
				ASSETCATALOG_COMPILER_APPICON_NAME = AppIcon;
				ASSETCATALOG_COMPILER_GLOBAL_ACCENT_COLOR_NAME = AccentColor;
				CODE_SIGN_STYLE = Automatic;
				CURRENT_PROJECT_VERSION = 1;
				DEVELOPMENT_TEAM = 6CJ98NSPAD;
				GENERATE_INFOPLIST_FILE = YES;
				INFOPLIST_FILE = Rainstorm/SupportingFiles/Info.plist;
				INFOPLIST_KEY_UIApplicationSupportsIndirectInputEvents = YES;
				INFOPLIST_KEY_UILaunchStoryboardName = LaunchScreen;
				INFOPLIST_KEY_UIMainStoryboardFile = Main;
				INFOPLIST_KEY_UISupportedInterfaceOrientations = UIInterfaceOrientationPortrait;
				INFOPLIST_KEY_UISupportedInterfaceOrientations_iPad = "UIInterfaceOrientationPortrait UIInterfaceOrientationPortraitUpsideDown UIInterfaceOrientationLandscapeLeft UIInterfaceOrientationLandscapeRight";
				INFOPLIST_KEY_UISupportedInterfaceOrientations_iPhone = "UIInterfaceOrientationPortrait UIInterfaceOrientationLandscapeLeft UIInterfaceOrientationLandscapeRight";
				LD_RUNPATH_SEARCH_PATHS = (
					"$(inherited)",
					"@executable_path/Frameworks",
				);
				MARKETING_VERSION = 1.0;
				PRODUCT_BUNDLE_IDENTIFIER = com.macmartins.Rainstorm;
				PRODUCT_NAME = "$(TARGET_NAME)";
				SWIFT_EMIT_LOC_STRINGS = YES;
				SWIFT_VERSION = 5.0;
				TARGETED_DEVICE_FAMILY = 1;
			};
			name = Release;
		};
/* End XCBuildConfiguration section */

/* Begin XCConfigurationList section */
		B43C0E8427EB789300230DCD /* Build configuration list for PBXProject "Rainstorm" */ = {
			isa = XCConfigurationList;
			buildConfigurations = (
				B43C0E9B27EB789700230DCD /* Debug */,
				B43C0E9C27EB789700230DCD /* Release */,
			);
			defaultConfigurationIsVisible = 0;
			defaultConfigurationName = Release;
		};
		B43C0E9D27EB789700230DCD /* Build configuration list for PBXNativeTarget "Rainstorm" */ = {
			isa = XCConfigurationList;
			buildConfigurations = (
				B43C0E9E27EB789700230DCD /* Debug */,
				B43C0E9F27EB789700230DCD /* Release */,
			);
			defaultConfigurationIsVisible = 0;
			defaultConfigurationName = Release;
		};
/* End XCConfigurationList section */
	};
	rootObject = B43C0E8127EB789300230DCD /* Project object */;
}
